
Microsoft Visual Studio Solution File, Format Version 12.00
# Visual Studio Version 17
VisualStudioVersion = 17.14.36705.20 d17.14
MinimumVisualStudioVersion = 10.0.40219.1
Project("{FAE04EC0-301F-11D3-BF4B-00C04F79EFBC}") = "PodCastApplikation", "PodCastApplikation\PodCastApplikation.csproj", "{76192FF0-68E6-4C3D-93AA-52431F3C7F9F}"
EndProject
Project("{FAE04EC0-301F-11D3-BF4B-00C04F79EFBC}") = "Business", "Business\Business.csproj", "{C2D13EC3-7FE2-4E19-B59E-22B8AEEDC88B}"
EndProject
Project("{FAE04EC0-301F-11D3-BF4B-00C04F79EFBC}") = "Models", "Models\Models.csproj", "{43716260-0CBE-4CD3-A9F1-C9B4A1BF168A}"
EndProject
Project("{FAE04EC0-301F-11D3-BF4B-00C04F79EFBC}") = "DAL", "DAL\DAL.csproj", "{91D0B4C2-747E-4DF5-A379-E040380B439E}"
EndProject
Global
	GlobalSection(SolutionConfigurationPlatforms) = preSolution
		Debug|Any CPU = Debug|Any CPU
		Release|Any CPU = Release|Any CPU
	EndGlobalSection
	GlobalSection(ProjectConfigurationPlatforms) = postSolution
		{76192FF0-68E6-4C3D-93AA-52431F3C7F9F}.Debug|Any CPU.ActiveCfg = Debug|Any CPU
		{76192FF0-68E6-4C3D-93AA-52431F3C7F9F}.Debug|Any CPU.Build.0 = Debug|Any CPU
		{76192FF0-68E6-4C3D-93AA-52431F3C7F9F}.Release|Any CPU.ActiveCfg = Release|Any CPU
		{76192FF0-68E6-4C3D-93AA-52431F3C7F9F}.Release|Any CPU.Build.0 = Release|Any CPU
		{C2D13EC3-7FE2-4E19-B59E-22B8AEEDC88B}.Debug|Any CPU.ActiveCfg = Debug|Any CPU
		{C2D13EC3-7FE2-4E19-B59E-22B8AEEDC88B}.Debug|Any CPU.Build.0 = Debug|Any CPU
		{C2D13EC3-7FE2-4E19-B59E-22B8AEEDC88B}.Release|Any CPU.ActiveCfg = Release|Any CPU
		{C2D13EC3-7FE2-4E19-B59E-22B8AEEDC88B}.Release|Any CPU.Build.0 = Release|Any CPU
		{43716260-0CBE-4CD3-A9F1-C9B4A1BF168A}.Debug|Any CPU.ActiveCfg = Debug|Any CPU
		{43716260-0CBE-4CD3-A9F1-C9B4A1BF168A}.Debug|Any CPU.Build.0 = Debug|Any CPU
		{43716260-0CBE-4CD3-A9F1-C9B4A1BF168A}.Release|Any CPU.ActiveCfg = Release|Any CPU
		{43716260-0CBE-4CD3-A9F1-C9B4A1BF168A}.Release|Any CPU.Build.0 = Release|Any CPU
		{91D0B4C2-747E-4DF5-A379-E040380B439E}.Debug|Any CPU.ActiveCfg = Debug|Any CPU
		{91D0B4C2-747E-4DF5-A379-E040380B439E}.Debug|Any CPU.Build.0 = Debug|Any CPU
		{91D0B4C2-747E-4DF5-A379-E040380B439E}.Release|Any CPU.ActiveCfg = Release|Any CPU
		{91D0B4C2-747E-4DF5-A379-E040380B439E}.Release|Any CPU.Build.0 = Release|Any CPU
	EndGlobalSection
	GlobalSection(SolutionProperties) = preSolution
		HideSolutionNode = FALSE
	EndGlobalSection
	GlobalSection(ExtensibilityGlobals) = postSolution
		SolutionGuid = {7AFD66C1-8ECB-431F-8040-8BCC848A26FB}
	EndGlobalSection
EndGlobal
